
Microsoft Visual Studio Solution File, Format Version 12.00
# Visual Studio Express 2012 for Windows Desktop
Project("{FAE04EC0-301F-11D3-BF4B-00C04F79EFBC}") = "BungaSpotify09", "BungaSpotify09.csproj", "{B00C9790-3650-42B7-9341-228D5CA1AFE1}"
EndProject
Project("{FAE04EC0-301F-11D3-BF4B-00C04F79EFBC}") = "SpiderView", "..\..\SpiderView\SpiderView\SpiderView.csproj", "{38767D2D-14D8-4744-9A60-779315B279FC}"
EndProject
Project("{FAE04EC0-301F-11D3-BF4B-00C04F79EFBC}") = "PBTest", "..\PBTest\PBTest.csproj", "{4E176783-786B-47CC-8E4C-8D49668EFB3D}"
EndProject
Project("{FAE04EC0-301F-11D3-BF4B-00C04F79EFBC}") = "DummyService", "..\DummyService\DummyService.csproj", "{16F9F8D4-B9A6-423C-BC3E-01E1D7C28D95}"
EndProject
Global
	GlobalSection(SolutionConfigurationPlatforms) = preSolution
		Debug|Any CPU = Debug|Any CPU
		Release|Any CPU = Release|Any CPU
	EndGlobalSection
	GlobalSection(ProjectConfigurationPlatforms) = postSolution
		{B00C9790-3650-42B7-9341-228D5CA1AFE1}.Debug|Any CPU.ActiveCfg = Debug|Any CPU
		{B00C9790-3650-42B7-9341-228D5CA1AFE1}.Debug|Any CPU.Build.0 = Debug|Any CPU
		{B00C9790-3650-42B7-9341-228D5CA1AFE1}.Release|Any CPU.ActiveCfg = Release|Any CPU
		{B00C9790-3650-42B7-9341-228D5CA1AFE1}.Release|Any CPU.Build.0 = Release|Any CPU
		{38767D2D-14D8-4744-9A60-779315B279FC}.Debug|Any CPU.ActiveCfg = Debug|Any CPU
		{38767D2D-14D8-4744-9A60-779315B279FC}.Debug|Any CPU.Build.0 = Debug|Any CPU
		{38767D2D-14D8-4744-9A60-779315B279FC}.Release|Any CPU.ActiveCfg = Release|Any CPU
		{38767D2D-14D8-4744-9A60-779315B279FC}.Release|Any CPU.Build.0 = Release|Any CPU
		{4E176783-786B-47CC-8E4C-8D49668EFB3D}.Debug|Any CPU.ActiveCfg = Debug|Any CPU
		{4E176783-786B-47CC-8E4C-8D49668EFB3D}.Debug|Any CPU.Build.0 = Debug|Any CPU
		{4E176783-786B-47CC-8E4C-8D49668EFB3D}.Release|Any CPU.ActiveCfg = Release|Any CPU
		{4E176783-786B-47CC-8E4C-8D49668EFB3D}.Release|Any CPU.Build.0 = Release|Any CPU
		{16F9F8D4-B9A6-423C-BC3E-01E1D7C28D95}.Debug|Any CPU.ActiveCfg = Debug|Any CPU
		{16F9F8D4-B9A6-423C-BC3E-01E1D7C28D95}.Debug|Any CPU.Build.0 = Debug|Any CPU
		{16F9F8D4-B9A6-423C-BC3E-01E1D7C28D95}.Release|Any CPU.ActiveCfg = Release|Any CPU
		{16F9F8D4-B9A6-423C-BC3E-01E1D7C28D95}.Release|Any CPU.Build.0 = Release|Any CPU
	EndGlobalSection
	GlobalSection(SolutionProperties) = preSolution
		HideSolutionNode = FALSE
	EndGlobalSection
EndGlobal
